{
    "integTestCompile": {
        "com.github.everit-org.json-schema:org.everit.json.schema": {
            "locked": "1.8.0",
            "requested": "1.8.0"
        },
        "com.netflix.nebula:gradle-resolution-rules-plugin": {
            "locked": "7.0.5",
            "requested": "latest.release"
        },
        "com.netflix.nebula:nebula-test": {
            "locked": "7.1.7",
            "requested": "7.+"
        },
        "org.apache.lucene:lucene-analyzers-common": {
            "locked": "5.5.5",
            "requested": "5.5.4"
        },
        "org.apache.lucene:lucene-backward-codecs": {
            "locked": "5.5.5",
            "requested": "5.5.4"
        },
        "org.apache.lucene:lucene-core": {
            "locked": "5.5.5",
            "requested": "5.5.4"
        },
        "org.apache.lucene:lucene-highlighter": {
            "locked": "5.5.5",
            "requested": "5.5.4"
        },
        "org.apache.lucene:lucene-queryparser": {
            "locked": "5.5.5",
            "requested": "5.5.4"
        },
        "org.apache.maven.indexer:indexer-core": {
            "locked": "6.0.0",
            "requested": "6.0.0"
        },
        "org.apache.maven.wagon:wagon-http": {
            "locked": "2.10",
            "requested": "2.10"
        },
        "org.eclipse.sisu:org.eclipse.sisu.plexus": {
            "locked": "0.3.3",
            "requested": "0.3.3"
        },
        "org.sonatype.sisu:sisu-guice": {
            "locked": "3.2.6",
            "requested": "3.2.6"
        }
    },
    "integTestCompileClasspath": {
        "com.github.everit-org.json-schema:org.everit.json.schema": {
            "locked": "1.8.0",
            "requested": "1.8.0"
        },
        "com.netflix.nebula:gradle-resolution-rules-plugin": {
            "locked": "7.0.5",
            "requested": "latest.release"
        },
        "com.netflix.nebula:nebula-test": {
            "locked": "7.1.7",
            "requested": "7.+"
        },
        "org.apache.lucene:lucene-analyzers-common": {
            "locked": "5.5.5",
            "requested": "5.5.4"
        },
        "org.apache.lucene:lucene-backward-codecs": {
            "locked": "5.5.5",
            "requested": "5.5.4"
        },
        "org.apache.lucene:lucene-core": {
            "locked": "5.5.5",
            "requested": "5.5.4"
        },
        "org.apache.lucene:lucene-highlighter": {
            "locked": "5.5.5",
            "requested": "5.5.4"
        },
        "org.apache.lucene:lucene-queryparser": {
            "locked": "5.5.5",
            "requested": "5.5.4"
        },
        "org.apache.maven.indexer:indexer-core": {
            "locked": "6.0.0",
            "requested": "6.0.0"
        },
        "org.apache.maven.wagon:wagon-http": {
            "locked": "2.10",
            "requested": "2.10"
        },
        "org.eclipse.sisu:org.eclipse.sisu.plexus": {
            "locked": "0.3.3",
            "requested": "0.3.3"
        },
        "org.sonatype.sisu:sisu-guice": {
            "locked": "3.2.6",
            "requested": "3.2.6"
        }
    },
    "integTestRuntime": {
        "com.github.everit-org.json-schema:org.everit.json.schema": {
            "locked": "1.8.0",
            "requested": "1.8.0"
        },
        "com.netflix.nebula:gradle-resolution-rules-plugin": {
            "locked": "7.0.5",
            "requested": "latest.release"
        },
        "com.netflix.nebula:nebula-test": {
            "locked": "7.1.7",
            "requested": "7.+"
        },
        "org.apache.lucene:lucene-analyzers-common": {
            "locked": "5.5.5",
            "requested": "5.5.4"
        },
        "org.apache.lucene:lucene-backward-codecs": {
            "locked": "5.5.5",
            "requested": "5.5.4"
        },
        "org.apache.lucene:lucene-core": {
            "locked": "5.5.5",
            "requested": "5.5.4"
        },
        "org.apache.lucene:lucene-highlighter": {
            "locked": "5.5.5",
            "requested": "5.5.4"
        },
        "org.apache.lucene:lucene-queryparser": {
            "locked": "5.5.5",
            "requested": "5.5.4"
        },
        "org.apache.maven.indexer:indexer-core": {
            "locked": "6.0.0",
            "requested": "6.0.0"
        },
        "org.apache.maven.wagon:wagon-http": {
            "locked": "2.10",
            "requested": "2.10"
        },
        "org.eclipse.sisu:org.eclipse.sisu.plexus": {
            "locked": "0.3.3",
            "requested": "0.3.3"
        },
        "org.sonatype.sisu:sisu-guice": {
            "locked": "3.2.6",
            "requested": "3.2.6"
        }
    },
    "integTestRuntimeClasspath": {
        "com.github.everit-org.json-schema:org.everit.json.schema": {
            "locked": "1.8.0",
            "requested": "1.8.0"
        },
        "com.netflix.nebula:gradle-resolution-rules-plugin": {
            "locked": "7.0.5",
            "requested": "latest.release"
        },
        "com.netflix.nebula:nebula-test": {
            "locked": "7.1.7",
            "requested": "7.+"
        },
        "org.apache.lucene:lucene-analyzers-common": {
            "locked": "5.5.5",
            "requested": "5.5.4"
        },
        "org.apache.lucene:lucene-backward-codecs": {
            "locked": "5.5.5",
            "requested": "5.5.4"
        },
        "org.apache.lucene:lucene-core": {
            "locked": "5.5.5",
            "requested": "5.5.4"
        },
        "org.apache.lucene:lucene-highlighter": {
            "locked": "5.5.5",
            "requested": "5.5.4"
        },
        "org.apache.lucene:lucene-queryparser": {
            "locked": "5.5.5",
            "requested": "5.5.4"
        },
        "org.apache.maven.indexer:indexer-core": {
            "locked": "6.0.0",
            "requested": "6.0.0"
        },
        "org.apache.maven.wagon:wagon-http": {
            "locked": "2.10",
            "requested": "2.10"
        },
        "org.eclipse.sisu:org.eclipse.sisu.plexus": {
            "locked": "0.3.3",
            "requested": "0.3.3"
        },
        "org.sonatype.sisu:sisu-guice": {
            "locked": "3.2.6",
            "requested": "3.2.6"
        }
    },
    "jacocoAgent": {
        "org.jacoco:org.jacoco.agent": {
            "locked": "0.8.2"
        }
    },
    "jacocoAnt": {
        "org.jacoco:org.jacoco.ant": {
            "locked": "0.8.2"
        }
    },
    "testCompile": {
        "com.github.everit-org.json-schema:org.everit.json.schema": {
            "locked": "1.8.0",
            "requested": "1.8.0"
        },
        "com.netflix.nebula:gradle-resolution-rules-plugin": {
            "locked": "7.0.5",
            "requested": "latest.release"
        },
        "com.netflix.nebula:nebula-test": {
            "locked": "7.1.7",
            "requested": "7.+"
        },
        "org.apache.lucene:lucene-analyzers-common": {
            "locked": "5.5.5",
            "requested": "5.5.4"
        },
        "org.apache.lucene:lucene-backward-codecs": {
            "locked": "5.5.5",
            "requested": "5.5.4"
        },
        "org.apache.lucene:lucene-core": {
            "locked": "5.5.5",
            "requested": "5.5.4"
        },
        "org.apache.lucene:lucene-highlighter": {
            "locked": "5.5.5",
            "requested": "5.5.4"
        },
        "org.apache.lucene:lucene-queryparser": {
            "locked": "5.5.5",
            "requested": "5.5.4"
        },
        "org.apache.maven.indexer:indexer-core": {
            "locked": "6.0.0",
            "requested": "6.0.0"
        },
        "org.apache.maven.wagon:wagon-http": {
            "locked": "2.10",
            "requested": "2.10"
        },
        "org.eclipse.sisu:org.eclipse.sisu.plexus": {
            "locked": "0.3.3",
            "requested": "0.3.3"
        },
        "org.sonatype.sisu:sisu-guice": {
            "locked": "3.2.6",
            "requested": "3.2.6"
        }
    },
    "testCompileClasspath": {
        "com.github.everit-org.json-schema:org.everit.json.schema": {
            "locked": "1.8.0",
            "requested": "1.8.0"
        },
        "com.netflix.nebula:gradle-resolution-rules-plugin": {
            "locked": "7.0.5",
            "requested": "latest.release"
        },
        "com.netflix.nebula:nebula-test": {
            "locked": "7.1.7",
            "requested": "7.+"
        },
        "org.apache.lucene:lucene-analyzers-common": {
            "locked": "5.5.5",
            "requested": "5.5.4"
        },
        "org.apache.lucene:lucene-backward-codecs": {
            "locked": "5.5.5",
            "requested": "5.5.4"
        },
        "org.apache.lucene:lucene-core": {
            "locked": "5.5.5",
            "requested": "5.5.4"
        },
        "org.apache.lucene:lucene-highlighter": {
            "locked": "5.5.5",
            "requested": "5.5.4"
        },
        "org.apache.lucene:lucene-queryparser": {
            "locked": "5.5.5",
            "requested": "5.5.4"
        },
        "org.apache.maven.indexer:indexer-core": {
            "locked": "6.0.0",
            "requested": "6.0.0"
        },
        "org.apache.maven.wagon:wagon-http": {
            "locked": "2.10",
            "requested": "2.10"
        },
        "org.eclipse.sisu:org.eclipse.sisu.plexus": {
            "locked": "0.3.3",
            "requested": "0.3.3"
        },
        "org.sonatype.sisu:sisu-guice": {
            "locked": "3.2.6",
            "requested": "3.2.6"
        }
    },
    "testRuntime": {
        "com.github.everit-org.json-schema:org.everit.json.schema": {
            "locked": "1.8.0",
            "requested": "1.8.0"
        },
        "com.netflix.nebula:gradle-resolution-rules-plugin": {
            "locked": "7.0.5",
            "requested": "latest.release"
        },
        "com.netflix.nebula:nebula-test": {
            "locked": "7.1.7",
            "requested": "7.+"
        },
        "org.apache.lucene:lucene-analyzers-common": {
            "locked": "5.5.5",
            "requested": "5.5.4"
        },
        "org.apache.lucene:lucene-backward-codecs": {
            "locked": "5.5.5",
            "requested": "5.5.4"
        },
        "org.apache.lucene:lucene-core": {
            "locked": "5.5.5",
            "requested": "5.5.4"
        },
        "org.apache.lucene:lucene-highlighter": {
            "locked": "5.5.5",
            "requested": "5.5.4"
        },
        "org.apache.lucene:lucene-queryparser": {
            "locked": "5.5.5",
            "requested": "5.5.4"
        },
        "org.apache.maven.indexer:indexer-core": {
            "locked": "6.0.0",
            "requested": "6.0.0"
        },
        "org.apache.maven.wagon:wagon-http": {
            "locked": "2.10",
            "requested": "2.10"
        },
        "org.eclipse.sisu:org.eclipse.sisu.plexus": {
            "locked": "0.3.3",
            "requested": "0.3.3"
        },
        "org.sonatype.sisu:sisu-guice": {
            "locked": "3.2.6",
            "requested": "3.2.6"
        }
    },
    "testRuntimeClasspath": {
        "com.github.everit-org.json-schema:org.everit.json.schema": {
            "locked": "1.8.0",
            "requested": "1.8.0"
        },
        "com.netflix.nebula:gradle-resolution-rules-plugin": {
            "locked": "7.0.5",
            "requested": "latest.release"
        },
        "com.netflix.nebula:nebula-test": {
            "locked": "7.1.7",
            "requested": "7.+"
        },
        "org.apache.lucene:lucene-analyzers-common": {
            "locked": "5.5.5",
            "requested": "5.5.4"
        },
        "org.apache.lucene:lucene-backward-codecs": {
            "locked": "5.5.5",
            "requested": "5.5.4"
        },
        "org.apache.lucene:lucene-core": {
            "locked": "5.5.5",
            "requested": "5.5.4"
        },
        "org.apache.lucene:lucene-highlighter": {
            "locked": "5.5.5",
            "requested": "5.5.4"
        },
        "org.apache.lucene:lucene-queryparser": {
            "locked": "5.5.5",
            "requested": "5.5.4"
        },
        "org.apache.maven.indexer:indexer-core": {
            "locked": "6.0.0",
            "requested": "6.0.0"
        },
        "org.apache.maven.wagon:wagon-http": {
            "locked": "2.10",
            "requested": "2.10"
        },
        "org.eclipse.sisu:org.eclipse.sisu.plexus": {
            "locked": "0.3.3",
            "requested": "0.3.3"
        },
        "org.sonatype.sisu:sisu-guice": {
            "locked": "3.2.6",
            "requested": "3.2.6"
        }
    }
}
