# This is a Gradle generated file for dependency locking.
# Manual edits can break the build and are not advised.
# This file is expected to be part of source control.
aopalliance:aopalliance:1.0=integTestCompileClasspath,integTestRuntimeClasspath,testCompileClasspath,testRuntimeClasspath
cglib:cglib-nodep:3.2.2=integTestRuntimeClasspath,testRuntimeClasspath
com.damnhandy:handy-uri-templates:2.1.6=integTestCompileClasspath,integTestRuntimeClasspath,testCompileClasspath,testRuntimeClasspath
com.fasterxml.jackson.core:jackson-annotations:2.9.10=integTestRuntimeClasspath,testRuntimeClasspath
com.fasterxml.jackson.core:jackson-core:2.9.10=integTestRuntimeClasspath,testRuntimeClasspath
com.fasterxml.jackson.core:jackson-databind:2.9.10=integTestRuntimeClasspath,testRuntimeClasspath
com.fasterxml.jackson.module:jackson-module-kotlin:2.9.10=integTestRuntimeClasspath,testRuntimeClasspath
com.github.everit-org.json-schema:org.everit.json.schema:1.8.0=integTestCompileClasspath,integTestRuntimeClasspath,testCompileClasspath,testRuntimeClasspath
com.google.code.findbugs:jsr305:3.0.2=integTestCompileClasspath,integTestRuntimeClasspath,testCompileClasspath,testRuntimeClasspath
com.google.errorprone:error_prone_annotations:2.0.18=integTestCompileClasspath,integTestRuntimeClasspath,testCompileClasspath,testRuntimeClasspath
com.google.guava:guava:22.0=integTestCompileClasspath,integTestRuntimeClasspath,testCompileClasspath,testRuntimeClasspath
com.google.inject:guice:4.1.0=integTestCompileClasspath,integTestRuntimeClasspath,testCompileClasspath,testRuntimeClasspath
com.google.j2objc:j2objc-annotations:1.1=integTestCompileClasspath,integTestRuntimeClasspath,testCompileClasspath,testRuntimeClasspath
com.google.re2j:re2j:1.1=integTestCompileClasspath,integTestRuntimeClasspath,testCompileClasspath,testRuntimeClasspath
com.netflix.nebula:gradle-resolution-rules-plugin:10.2.0=integTestCompileClasspath,integTestRuntimeClasspath,testCompileClasspath,testRuntimeClasspath
com.netflix.nebula:nebula-dependency-recommender:12.0.0=integTestRuntimeClasspath,testRuntimeClasspath
com.netflix.nebula:nebula-gradle-interop:2.0.0=integTestRuntimeClasspath,testRuntimeClasspath
com.netflix.nebula:nebula-test:10.5.0=integTestCompileClasspath,integTestRuntimeClasspath,testCompileClasspath,testRuntimeClasspath
commons-beanutils:commons-beanutils:1.9.2=integTestCompileClasspath,integTestRuntimeClasspath,testCompileClasspath,testRuntimeClasspath
commons-codec:commons-codec:1.6=integTestCompileClasspath,integTestRuntimeClasspath,testCompileClasspath,testRuntimeClasspath
commons-collections:commons-collections:3.2.2=integTestCompileClasspath,integTestRuntimeClasspath,testCompileClasspath,testRuntimeClasspath
commons-digester:commons-digester:1.8.1=integTestCompileClasspath,integTestRuntimeClasspath,testCompileClasspath,testRuntimeClasspath
commons-io:commons-io:2.2=integTestCompileClasspath,integTestRuntimeClasspath,testCompileClasspath,testRuntimeClasspath
commons-lang:commons-lang:2.6=integTestCompileClasspath,integTestRuntimeClasspath,testCompileClasspath,testRuntimeClasspath
commons-logging:commons-logging:1.2=integTestCompileClasspath,integTestRuntimeClasspath,testCompileClasspath,testRuntimeClasspath
commons-validator:commons-validator:1.6=integTestCompileClasspath,integTestRuntimeClasspath,testCompileClasspath,testRuntimeClasspath
javax.annotation:javax.annotation-api:1.2=integTestCompileClasspath,integTestRuntimeClasspath,testCompileClasspath,testRuntimeClasspath
javax.annotation:jsr250-api:1.0=integTestCompileClasspath,integTestRuntimeClasspath,testCompileClasspath,testRuntimeClasspath
javax.enterprise:cdi-api:1.0=integTestCompileClasspath,integTestRuntimeClasspath,testCompileClasspath,testRuntimeClasspath
javax.inject:javax.inject:1=integTestCompileClasspath,integTestRuntimeClasspath,testCompileClasspath,testRuntimeClasspath
joda-time:joda-time:2.9.4=integTestCompileClasspath,integTestRuntimeClasspath,testCompileClasspath,testRuntimeClasspath
junit:junit:4.13.2=integTestCompileClasspath,integTestRuntimeClasspath,testCompileClasspath,testRuntimeClasspath
org.apache.commons:commons-lang3:3.5=integTestCompileClasspath,testCompileClasspath
org.apache.commons:commons-lang3:3.8.1=integTestRuntimeClasspath,testRuntimeClasspath
org.apache.httpcomponents:httpclient:4.3.5=integTestCompileClasspath,integTestRuntimeClasspath,testCompileClasspath,testRuntimeClasspath
org.apache.httpcomponents:httpcore:4.3.2=integTestCompileClasspath,integTestRuntimeClasspath,testCompileClasspath,testRuntimeClasspath
org.apache.lucene:lucene-analyzers-common:5.5.5=integTestCompileClasspath,integTestRuntimeClasspath,testCompileClasspath,testRuntimeClasspath
org.apache.lucene:lucene-backward-codecs:5.5.5=integTestCompileClasspath,integTestRuntimeClasspath,testCompileClasspath,testRuntimeClasspath
org.apache.lucene:lucene-core:5.5.5=integTestCompileClasspath,integTestRuntimeClasspath,testCompileClasspath,testRuntimeClasspath
org.apache.lucene:lucene-highlighter:5.5.5=integTestCompileClasspath,integTestRuntimeClasspath,testCompileClasspath,testRuntimeClasspath
org.apache.lucene:lucene-join:5.5.5=integTestCompileClasspath,integTestRuntimeClasspath,testCompileClasspath,testRuntimeClasspath
org.apache.lucene:lucene-memory:5.5.5=integTestCompileClasspath,integTestRuntimeClasspath,testCompileClasspath,testRuntimeClasspath
org.apache.lucene:lucene-queries:5.5.5=integTestCompileClasspath,integTestRuntimeClasspath,testCompileClasspath,testRuntimeClasspath
org.apache.lucene:lucene-queryparser:5.5.5=integTestCompileClasspath,integTestRuntimeClasspath,testCompileClasspath,testRuntimeClasspath
org.apache.lucene:lucene-sandbox:5.5.5=integTestCompileClasspath,integTestRuntimeClasspath,testCompileClasspath,testRuntimeClasspath
org.apache.maven.indexer:indexer-core:6.0.0=integTestCompileClasspath,integTestRuntimeClasspath,testCompileClasspath,testRuntimeClasspath
org.apache.maven.resolver:maven-resolver-api:1.1.0=integTestCompileClasspath,integTestRuntimeClasspath,testCompileClasspath,testRuntimeClasspath
org.apache.maven.resolver:maven-resolver-util:1.1.0=integTestCompileClasspath,integTestRuntimeClasspath,testCompileClasspath,testRuntimeClasspath
org.apache.maven.wagon:wagon-http-shared:2.10=integTestCompileClasspath,integTestRuntimeClasspath,testCompileClasspath,testRuntimeClasspath
org.apache.maven.wagon:wagon-http:2.10=integTestCompileClasspath,integTestRuntimeClasspath,testCompileClasspath,testRuntimeClasspath
org.apache.maven.wagon:wagon-provider-api:2.10=integTestCompileClasspath,integTestRuntimeClasspath,testCompileClasspath,testRuntimeClasspath
org.apache.maven:maven-artifact:3.8.3=integTestRuntimeClasspath,testRuntimeClasspath
org.apache.maven:maven-builder-support:3.8.3=integTestRuntimeClasspath,testRuntimeClasspath
org.apache.maven:maven-model-builder:3.8.3=integTestRuntimeClasspath,testRuntimeClasspath
org.apache.maven:maven-model:3.5.2=integTestCompileClasspath,testCompileClasspath
org.apache.maven:maven-model:3.8.3=integTestRuntimeClasspath,testRuntimeClasspath
org.apiguardian:apiguardian-api:1.1.2=integTestCompileClasspath,integTestRuntimeClasspath,testCompileClasspath,testRuntimeClasspath
org.codehaus.groovy:groovy:3.0.12=integTestCompileClasspath,integTestRuntimeClasspath,testCompileClasspath,testRuntimeClasspath
org.codehaus.mojo:animal-sniffer-annotations:1.14=integTestCompileClasspath,integTestRuntimeClasspath,testCompileClasspath,testRuntimeClasspath
org.codehaus.plexus:plexus-classworlds:2.5.2=integTestCompileClasspath,integTestRuntimeClasspath,testCompileClasspath,testRuntimeClasspath
org.codehaus.plexus:plexus-component-annotations:1.5.5=integTestCompileClasspath,integTestRuntimeClasspath,testCompileClasspath,testRuntimeClasspath
org.codehaus.plexus:plexus-interpolation:1.26=integTestRuntimeClasspath,testRuntimeClasspath
org.codehaus.plexus:plexus-utils:3.1.0=integTestCompileClasspath,testCompileClasspath
org.codehaus.plexus:plexus-utils:3.3.0=integTestRuntimeClasspath,testRuntimeClasspath
org.eclipse.sisu:org.eclipse.sisu.inject:0.3.3=integTestCompileClasspath,testCompileClasspath
org.eclipse.sisu:org.eclipse.sisu.inject:0.3.5=integTestRuntimeClasspath,testRuntimeClasspath
org.eclipse.sisu:org.eclipse.sisu.plexus:0.3.3=integTestCompileClasspath,integTestRuntimeClasspath,testCompileClasspath,testRuntimeClasspath
org.hamcrest:hamcrest-core:1.3=integTestCompileClasspath,integTestRuntimeClasspath,testCompileClasspath,testRuntimeClasspath
org.hamcrest:hamcrest:2.2=integTestCompileClasspath,integTestRuntimeClasspath,testCompileClasspath,testRuntimeClasspath
org.jetbrains.kotlin:kotlin-reflect:1.8.0=integTestRuntimeClasspath,testRuntimeClasspath
org.jetbrains.kotlin:kotlin-stdlib-common:1.8.0=integTestRuntimeClasspath,testRuntimeClasspath
org.jetbrains.kotlin:kotlin-stdlib-jdk7:1.8.0=integTestRuntimeClasspath,testRuntimeClasspath
org.jetbrains.kotlin:kotlin-stdlib-jdk8:1.8.0=integTestRuntimeClasspath,testRuntimeClasspath
org.jetbrains.kotlin:kotlin-stdlib:1.8.0=integTestRuntimeClasspath,testRuntimeClasspath
org.jetbrains:annotations:13.0=integTestRuntimeClasspath,testRuntimeClasspath
org.json:json:20180130=integTestCompileClasspath,integTestRuntimeClasspath,testCompileClasspath,testRuntimeClasspath
org.jsoup:jsoup:1.7.2=integTestCompileClasspath,integTestRuntimeClasspath,testCompileClasspath,testRuntimeClasspath
org.junit.platform:junit-platform-commons:1.9.0=integTestCompileClasspath,integTestRuntimeClasspath,testCompileClasspath,testRuntimeClasspath
org.junit.platform:junit-platform-engine:1.9.0=integTestCompileClasspath,integTestRuntimeClasspath,testCompileClasspath,testRuntimeClasspath
org.objenesis:objenesis:2.4=integTestRuntimeClasspath,testRuntimeClasspath
org.opentest4j:opentest4j:1.2.0=integTestCompileClasspath,integTestRuntimeClasspath,testCompileClasspath,testRuntimeClasspath
org.slf4j:slf4j-api:1.7.25=integTestCompileClasspath,integTestRuntimeClasspath,testCompileClasspath,testRuntimeClasspath
org.sonatype.sisu:sisu-guice:3.2.6=integTestCompileClasspath,integTestRuntimeClasspath,testCompileClasspath,testRuntimeClasspath
org.spockframework:spock-core:2.3-groovy-3.0=integTestCompileClasspath,integTestRuntimeClasspath,testCompileClasspath,testRuntimeClasspath
org.spockframework:spock-junit4:2.3-groovy-3.0=integTestCompileClasspath,integTestRuntimeClasspath,testCompileClasspath,testRuntimeClasspath
empty=annotationProcessor,compileClasspath,integTestAnnotationProcessor,runtimeClasspath,testAnnotationProcessor
